PODS:
  - JXHTTP (1.0.7)
  - Spectacles (1.0.1)
  - TMTumblrSDK (2.1):
    - TMTumblrSDK/Activity (= 2.1)
    - TMTumblrSDK/APIClient (= 2.1)
    - TMTumblrSDK/AppClient (= 2.1)
    - TMTumblrSDK/Core (= 2.1)
  - TMTumblrSDK/Activity (2.1)
  - TMTumblrSDK/APIClient (2.1):
    - JXHTTP (~> 1.0)
    - TMTumblrSDK/APIClient/Authentication (= 2.1)
  - TMTumblrSDK/APIClient/Authentication (2.1):
    - JXHTTP (~> 1.0)
    - TMTumblrSDK/Core
  - TMTumblrSDK/AppClient (2.1):
    - TMTumblrSDK/Core
  - TMTumblrSDK/Core (2.1):
    - Spectacles (~> 1.0)
  - YahooSearchKit (0.3.0)

DEPENDENCIES:
  - TMTumblrSDK
  - YahooSearchKit (= 0.3.0)

SPEC CHECKSUMS:
  JXHTTP: 47197d4e807c6c4666a30441065f09f475f24adb
  Spectacles: 8dc60711140320653724560e2d6bbb8a8f0940e4
  TMTumblrSDK: b2984f25768b5822d54e39ff659dc5d477c9b993
  YahooSearchKit: 29d16e2d3aa9bc9ee5a90defd4f3db5b942c2a79

COCOAPODS: 0.36.3
