PODS:
  - JXHTTP (2.0.2)
  - Spectacles (1.0.1)
  - TMTumblrSDK (2.2.0):
    - TMTumblrSDK/Activity (= 2.2.0)
    - TMTumblrSDK/APIClient (= 2.2.0)
    - TMTumblrSDK/AppClient (= 2.2.0)
    - TMTumblrSDK/Core (= 2.2.0)
  - TMTumblrSDK/Activity (2.2.0)
  - TMTumblrSDK/APIClient (2.2.0):
    - JXHTTP (~> 2.0.1)
    - TMTumblrSDK/APIClient/Authentication (= 2.2.0)
  - TMTumblrSDK/APIClient/Authentication (2.2.0):
    - JXHTTP (~> 2.0.1)
    - TMTumblrSDK/Core
  - TMTumblrSDK/AppClient (2.2.0):
    - TMTumblrSDK/Core
  - TMTumblrSDK/Core (2.2.0):
    - Spectacles (~> 1.0)
  - YahooSearchKit (0.4.0)

DEPENDENCIES:
  - TMTumblrSDK
  - YahooSearchKit (= 0.4.0)

SPEC CHECKSUMS:
  JXHTTP: 7e3fde3d226e865531703b0e4ea4b6e1c22d9b16
  Spectacles: 8dc60711140320653724560e2d6bbb8a8f0940e4
  TMTumblrSDK: 9eea12c96d2f41f448379cb3239c4e31f977a83e
  YahooSearchKit: 929cd5d396601978c95c76e6c55517049ea04a52

COCOAPODS: 0.36.3
